
Microsoft Visual Studio Solution File, Format Version 12.00
# Visual Studio Version 16
VisualStudioVersion = 16.0.29709.97
MinimumVisualStudioVersion = 10.0.40219.1
Project("{FAE04EC0-301F-11D3-BF4B-00C04F79EFBC}") = "Conditional Statements Week 3-2", "Conditional Statements Week 3-2.csproj", "{138CB404-5776-4C4A-90A0-4FD09698DA02}"
EndProject
Global
	GlobalSection(SolutionConfigurationPlatforms) = preSolution
		Debug|Any CPU = Debug|Any CPU
		Release|Any CPU = Release|Any CPU
	EndGlobalSection
	GlobalSection(ProjectConfigurationPlatforms) = postSolution
		{138CB404-5776-4C4A-90A0-4FD09698DA02}.Debug|Any CPU.ActiveCfg = Debug|Any CPU
		{138CB404-5776-4C4A-90A0-4FD09698DA02}.Debug|Any CPU.Build.0 = Debug|Any CPU
		{138CB404-5776-4C4A-90A0-4FD09698DA02}.Release|Any CPU.ActiveCfg = Release|Any CPU
		{138CB404-5776-4C4A-90A0-4FD09698DA02}.Release|Any CPU.Build.0 = Release|Any CPU
	EndGlobalSection
	GlobalSection(SolutionProperties) = preSolution
		HideSolutionNode = FALSE
	EndGlobalSection
	GlobalSection(ExtensibilityGlobals) = postSolution
		SolutionGuid = {A42C2146-F469-4CBC-9EC3-FD0D8C472CFB}
	EndGlobalSection
EndGlobal
